
Microsoft Visual Studio Solution File, Format Version 12.00
Project("{FAE04EC0-301F-11D3-BF4B-00C04F79EFBC}") = "ExamService", "ExamService\ExamService.csproj", "{34DCA8C3-403F-4F59-B363-26329C730851}"
EndProject
Project("{FAE04EC0-301F-11D3-BF4B-00C04F79EFBC}") = "UserService", "UserService\UserService.csproj", "{5DB1312C-86F7-44A7-8E93-272A132AB1BE}"
EndProject
Project("{2150E333-8FDC-42A3-9474-1A3956D46DE8}") = "Backend", "Backend", "{31F1B024-4A4E-4D4C-92C7-9C73D758DF90}"
EndProject
Project("{2150E333-8FDC-42A3-9474-1A3956D46DE8}") = "Frontend", "Frontend", "{07BC3D47-76AD-447C-9836-7A26DBD2A861}"
EndProject
Global
	GlobalSection(SolutionConfigurationPlatforms) = preSolution
		Debug|Any CPU = Debug|Any CPU
		Release|Any CPU = Release|Any CPU
	EndGlobalSection
	GlobalSection(ProjectConfigurationPlatforms) = postSolution
		{34DCA8C3-403F-4F59-B363-26329C730851}.Debug|Any CPU.ActiveCfg = Debug|Any CPU
		{34DCA8C3-403F-4F59-B363-26329C730851}.Debug|Any CPU.Build.0 = Debug|Any CPU
		{34DCA8C3-403F-4F59-B363-26329C730851}.Release|Any CPU.ActiveCfg = Release|Any CPU
		{34DCA8C3-403F-4F59-B363-26329C730851}.Release|Any CPU.Build.0 = Release|Any CPU
		{5DB1312C-86F7-44A7-8E93-272A132AB1BE}.Debug|Any CPU.ActiveCfg = Debug|Any CPU
		{5DB1312C-86F7-44A7-8E93-272A132AB1BE}.Debug|Any CPU.Build.0 = Debug|Any CPU
		{5DB1312C-86F7-44A7-8E93-272A132AB1BE}.Release|Any CPU.ActiveCfg = Release|Any CPU
		{5DB1312C-86F7-44A7-8E93-272A132AB1BE}.Release|Any CPU.Build.0 = Release|Any CPU
	EndGlobalSection
	GlobalSection(NestedProjects) = preSolution
		{34DCA8C3-403F-4F59-B363-26329C730851} = {31F1B024-4A4E-4D4C-92C7-9C73D758DF90}
		{5DB1312C-86F7-44A7-8E93-272A132AB1BE} = {31F1B024-4A4E-4D4C-92C7-9C73D758DF90}
	EndGlobalSection
EndGlobal
